// !$*UTF8*$!
{
	archiveVersion = 1;
	classes = {
	};
	objectVersion = 55;
	objects = {

/* Begin PBXBuildFile section */
		639EDCE3274ADC0300D3A03E /* SwiftUITabViewSidebarApp.swift in Sources */ = {isa = PBXBuildFile; fileRef = 639EDCE2274ADC0300D3A03E /* SwiftUITabViewSidebarApp.swift */; };
		639EDCE5274ADC0300D3A03E /* ContentView.swift in Sources */ = {isa = PBXBuildFile; fileRef = 639EDCE4274ADC0300D3A03E /* ContentView.swift */; };
		639EDCE7274ADC0500D3A03E /* Assets.xcassets in Resources */ = {isa = PBXBuildFile; fileRef = 639EDCE6274ADC0500D3A03E /* Assets.xcassets */; };
		639EDCEA274ADC0500D3A03E /* Preview Assets.xcassets in Resources */ = {isa = PBXBuildFile; fileRef = 639EDCE9274ADC0500D3A03E /* Preview Assets.xcassets */; };
		639EDCF1274ADD5100D3A03E /* UIDevice+Extensions.swift in Sources */ = {isa = PBXBuildFile; fileRef = 639EDCF0274ADD5100D3A03E /* UIDevice+Extensions.swift */; };
		639EDCF3274ADDE100D3A03E /* DashboardView.swift in Sources */ = {isa = PBXBuildFile; fileRef = 639EDCF2274ADDE100D3A03E /* DashboardView.swift */; };
		639EDCF5274ADDF000D3A03E /* SettingsView.swift in Sources */ = {isa = PBXBuildFile; fileRef = 639EDCF4274ADDF000D3A03E /* SettingsView.swift */; };
		639EDCF7274ADDFC00D3A03E /* AboutView.swift in Sources */ = {isa = PBXBuildFile; fileRef = 639EDCF6274ADDFC00D3A03E /* AboutView.swift */; };
		63DB44B2274B8FA100FCF74D /* MultipleTabsView.swift in Sources */ = {isa = PBXBuildFile; fileRef = 63DB44B1274B8FA100FCF74D /* MultipleTabsView.swift */; };
/* End PBXBuildFile section */

/* Begin PBXFileReference section */
		639EDCDF274ADC0300D3A03E /* SwiftUITabViewSidebar.app */ = {isa = PBXFileReference; explicitFileType = wrapper.application; includeInIndex = 0; path = SwiftUITabViewSidebar.app; sourceTree = BUILT_PRODUCTS_DIR; };
		639EDCE2274ADC0300D3A03E /* SwiftUITabViewSidebarApp.swift */ = {isa = PBXFileReference; lastKnownFileType = sourcecode.swift; path = SwiftUITabViewSidebarApp.swift; sourceTree = "<group>"; };
		639EDCE4274ADC0300D3A03E /* ContentView.swift */ = {isa = PBXFileReference; lastKnownFileType = sourcecode.swift; path = ContentView.swift; sourceTree = "<group>"; };
		639EDCE6274ADC0500D3A03E /* Assets.xcassets */ = {isa = PBXFileReference; lastKnownFileType = folder.assetcatalog; path = Assets.xcassets; sourceTree = "<group>"; };
		639EDCE9274ADC0500D3A03E /* Preview Assets.xcassets */ = {isa = PBXFileReference; lastKnownFileType = folder.assetcatalog; path = "Preview Assets.xcassets"; sourceTree = "<group>"; };
		639EDCF0274ADD5100D3A03E /* UIDevice+Extensions.swift */ = {isa = PBXFileReference; lastKnownFileType = sourcecode.swift; path = "UIDevice+Extensions.swift"; sourceTree = "<group>"; };
		639EDCF2274ADDE100D3A03E /* DashboardView.swift */ = {isa = PBXFileReference; lastKnownFileType = sourcecode.swift; path = DashboardView.swift; sourceTree = "<group>"; };
		639EDCF4274ADDF000D3A03E /* SettingsView.swift */ = {isa = PBXFileReference; lastKnownFileType = sourcecode.swift; path = SettingsView.swift; sourceTree = "<group>"; };
		639EDCF6274ADDFC00D3A03E /* AboutView.swift */ = {isa = PBXFileReference; lastKnownFileType = sourcecode.swift; path = AboutView.swift; sourceTree = "<group>"; };
		63DB44B1274B8FA100FCF74D /* MultipleTabsView.swift */ = {isa = PBXFileReference; lastKnownFileType = sourcecode.swift; path = MultipleTabsView.swift; sourceTree = "<group>"; };
/* End PBXFileReference section */

/* Begin PBXFrameworksBuildPhase section */
		639EDCDC274ADC0300D3A03E /* Frameworks */ = {
			isa = PBXFrameworksBuildPhase;
			buildActionMask = 2147483647;
			files = (
			);
			runOnlyForDeploymentPostprocessing = 0;
		};
/* End PBXFrameworksBuildPhase section */

/* Begin PBXGroup section */
		639EDCD6274ADC0300D3A03E = {
			isa = PBXGroup;
			children = (
				639EDCE1274ADC0300D3A03E /* SwiftUITabViewSidebar */,
				639EDCE0274ADC0300D3A03E /* Products */,
			);
			sourceTree = "<group>";
		};
		639EDCE0274ADC0300D3A03E /* Products */ = {
			isa = PBXGroup;
			children = (
				639EDCDF274ADC0300D3A03E /* SwiftUITabViewSidebar.app */,
			);
			name = Products;
			sourceTree = "<group>";
		};
		639EDCE1274ADC0300D3A03E /* SwiftUITabViewSidebar */ = {
			isa = PBXGroup;
			children = (
				639EDCE2274ADC0300D3A03E /* SwiftUITabViewSidebarApp.swift */,
				639EDCE4274ADC0300D3A03E /* ContentView.swift */,
				63DB44B1274B8FA100FCF74D /* MultipleTabsView.swift */,
				639EDCF2274ADDE100D3A03E /* DashboardView.swift */,
				639EDCF4274ADDF000D3A03E /* SettingsView.swift */,
				639EDCF6274ADDFC00D3A03E /* AboutView.swift */,
				639EDCF0274ADD5100D3A03E /* UIDevice+Extensions.swift */,
				639EDCE6274ADC0500D3A03E /* Assets.xcassets */,
				639EDCE8274ADC0500D3A03E /* Preview Content */,
			);
			path = SwiftUITabViewSidebar;
			sourceTree = "<group>";
		};
		639EDCE8274ADC0500D3A03E /* Preview Content */ = {
			isa = PBXGroup;
			children = (
				639EDCE9274ADC0500D3A03E /* Preview Assets.xcassets */,
			);
			path = "Preview Content";
			sourceTree = "<group>";
		};
/* End PBXGroup section */

/* Begin PBXNativeTarget section */
		639EDCDE274ADC0300D3A03E /* SwiftUITabViewSidebar */ = {
			isa = PBXNativeTarget;
			buildConfigurationList = 639EDCED274ADC0500D3A03E /* Build configuration list for PBXNativeTarget "SwiftUITabViewSidebar" */;
			buildPhases = (
				639EDCDB274ADC0300D3A03E /* Sources */,
				639EDCDC274ADC0300D3A03E /* Frameworks */,
				639EDCDD274ADC0300D3A03E /* Resources */,
			);
			buildRules = (
			);
			dependencies = (
			);
			name = SwiftUITabViewSidebar;
			productName = SwiftUITabViewSidebar;
			productReference = 639EDCDF274ADC0300D3A03E /* SwiftUITabViewSidebar.app */;
			productType = "com.apple.product-type.application";
		};
/* End PBXNativeTarget section */

/* Begin PBXProject section */
		639EDCD7274ADC0300D3A03E /* Project object */ = {
			isa = PBXProject;
			attributes = {
				BuildIndependentTargetsInParallel = 1;
				LastSwiftUpdateCheck = 1310;
				LastUpgradeCheck = 1310;
				TargetAttributes = {
					639EDCDE274ADC0300D3A03E = {
						CreatedOnToolsVersion = 13.1;
					};
				};
			};
			buildConfigurationList = 639EDCDA274ADC0300D3A03E /* Build configuration list for PBXProject "SwiftUITabViewSidebar" */;
			compatibilityVersion = "Xcode 13.0";
			developmentRegion = en;
			hasScannedForEncodings = 0;
			knownRegions = (
				en,
				Base,
			);
			mainGroup = 639EDCD6274ADC0300D3A03E;
			productRefGroup = 639EDCE0274ADC0300D3A03E /* Products */;
			projectDirPath = "";
			projectRoot = "";
			targets = (
				639EDCDE274ADC0300D3A03E /* SwiftUITabViewSidebar */,
			);
		};
/* End PBXProject section */

/* Begin PBXResourcesBuildPhase section */
		639EDCDD274ADC0300D3A03E /* Resources */ = {
			isa = PBXResourcesBuildPhase;
			buildActionMask = 2147483647;
			files = (
				639EDCEA274ADC0500D3A03E /* Preview Assets.xcassets in Resources */,
				639EDCE7274ADC0500D3A03E /* Assets.xcassets in Resources */,
			);
			runOnlyForDeploymentPostprocessing = 0;
		};
/* End PBXResourcesBuildPhase section */

/* Begin PBXSourcesBuildPhase section */
		639EDCDB274ADC0300D3A03E /* Sources */ = {
			isa = PBXSourcesBuildPhase;
			buildActionMask = 2147483647;
			files = (
				639EDCF5274ADDF000D3A03E /* SettingsView.swift in Sources */,
				63DB44B2274B8FA100FCF74D /* MultipleTabsView.swift in Sources */,
				639EDCE5274ADC0300D3A03E /* ContentView.swift in Sources */,
				639EDCF3274ADDE100D3A03E /* DashboardView.swift in Sources */,
				639EDCE3274ADC0300D3A03E /* SwiftUITabViewSidebarApp.swift in Sources */,
				639EDCF7274ADDFC00D3A03E /* AboutView.swift in Sources */,
				639EDCF1274ADD5100D3A03E /* UIDevice+Extensions.swift in Sources */,
			);
			runOnlyForDeploymentPostprocessing = 0;
		};
/* End PBXSourcesBuildPhase section */

/* Begin XCBuildConfiguration section */
		639EDCEB274ADC0500D3A03E /* Debug */ = {
			isa = XCBuildConfiguration;
			buildSettings = {
				ALWAYS_SEARCH_USER_PATHS = NO;
				CLANG_ANALYZER_NONNULL = YES;
				CLANG_ANALYZER_NUMBER_OBJECT_CONVERSION = YES_AGGRESSIVE;
				CLANG_CXX_LANGUAGE_STANDARD = "gnu++17";
				CLANG_CXX_LIBRARY = "libc++";
				CLANG_ENABLE_MODULES = YES;
				CLANG_ENABLE_OBJC_ARC = YES;
				CLANG_ENABLE_OBJC_WEAK = YES;
				CLANG_WARN_BLOCK_CAPTURE_AUTORELEASING = YES;
				CLANG_WARN_BOOL_CONVERSION = YES;
				CLANG_WARN_COMMA = YES;
				CLANG_WARN_CONSTANT_CONVERSION = YES;
				CLANG_WARN_DEPRECATED_OBJC_IMPLEMENTATIONS = YES;
				CLANG_WARN_DIRECT_OBJC_ISA_USAGE = YES_ERROR;
				CLANG_WARN_DOCUMENTATION_COMMENTS = YES;
				CLANG_WARN_EMPTY_BODY = YES;
				CLANG_WARN_ENUM_CONVERSION = YES;
				CLANG_WARN_INFINITE_RECURSION = YES;
				CLANG_WARN_INT_CONVERSION = YES;
				CLANG_WARN_NON_LITERAL_NULL_CONVERSION = YES;
				CLANG_WARN_OBJC_IMPLICIT_RETAIN_SELF = YES;
				CLANG_WARN_OBJC_LITERAL_CONVERSION = YES;
				CLANG_WARN_OBJC_ROOT_CLASS = YES_ERROR;
				CLANG_WARN_QUOTED_INCLUDE_IN_FRAMEWORK_HEADER = YES;
				CLANG_WARN_RANGE_LOOP_ANALYSIS = YES;
				CLANG_WARN_STRICT_PROTOTYPES = YES;
				CLANG_WARN_SUSPICIOUS_MOVE = YES;
				CLANG_WARN_UNGUARDED_AVAILABILITY = YES_AGGRESSIVE;
				CLANG_WARN_UNREACHABLE_CODE = YES;
				CLANG_WARN__DUPLICATE_METHOD_MATCH = YES;
				COPY_PHASE_STRIP = NO;
				DEBUG_INFORMATION_FORMAT = dwarf;
				ENABLE_STRICT_OBJC_MSGSEND = YES;
				ENABLE_TESTABILITY = YES;
				GCC_C_LANGUAGE_STANDARD = gnu11;
				GCC_DYNAMIC_NO_PIC = NO;
				GCC_NO_COMMON_BLOCKS = YES;
				GCC_OPTIMIZATION_LEVEL = 0;
				GCC_PREPROCESSOR_DEFINITIONS = (
					"DEBUG=1",
					"$(inherited)",
				);
				GCC_WARN_64_TO_32_BIT_CONVERSION = YES;
				GCC_WARN_ABOUT_RETURN_TYPE = YES_ERROR;
				GCC_WARN_UNDECLARED_SELECTOR = YES;
				GCC_WARN_UNINITIALIZED_AUTOS = YES_AGGRESSIVE;
				GCC_WARN_UNUSED_FUNCTION = YES;
				GCC_WARN_UNUSED_VARIABLE = YES;
				IPHONEOS_DEPLOYMENT_TARGET = 15.0;
				MTL_ENABLE_DEBUG_INFO = INCLUDE_SOURCE;
				MTL_FAST_MATH = YES;
				ONLY_ACTIVE_ARCH = YES;
				SDKROOT = iphoneos;
				SWIFT_ACTIVE_COMPILATION_CONDITIONS = DEBUG;
				SWIFT_OPTIMIZATION_LEVEL = "-Onone";
			};
			name = Debug;
		};
		639EDCEC274ADC0500D3A03E /* Release */ = {
			isa = XCBuildConfiguration;
			buildSettings = {
				ALWAYS_SEARCH_USER_PATHS = NO;
				CLANG_ANALYZER_NONNULL = YES;
				CLANG_ANALYZER_NUMBER_OBJECT_CONVERSION = YES_AGGRESSIVE;
				CLANG_CXX_LANGUAGE_STANDARD = "gnu++17";
				CLANG_CXX_LIBRARY = "libc++";
				CLANG_ENABLE_MODULES = YES;
				CLANG_ENABLE_OBJC_ARC = YES;
				CLANG_ENABLE_OBJC_WEAK = YES;
				CLANG_WARN_BLOCK_CAPTURE_AUTORELEASING = YES;
				CLANG_WARN_BOOL_CONVERSION = YES;
				CLANG_WARN_COMMA = YES;
				CLANG_WARN_CONSTANT_CONVERSION = YES;
				CLANG_WARN_DEPRECATED_OBJC_IMPLEMENTATIONS = YES;
				CLANG_WARN_DIRECT_OBJC_ISA_USAGE = YES_ERROR;
				CLANG_WARN_DOCUMENTATION_COMMENTS = YES;
				CLANG_WARN_EMPTY_BODY = YES;
				CLANG_WARN_ENUM_CONVERSION = YES;
				CLANG_WARN_INFINITE_RECURSION = YES;
				CLANG_WARN_INT_CONVERSION = YES;
				CLANG_WARN_NON_LITERAL_NULL_CONVERSION = YES;
				CLANG_WARN_OBJC_IMPLICIT_RETAIN_SELF = YES;
				CLANG_WARN_OBJC_LITERAL_CONVERSION = YES;
				CLANG_WARN_OBJC_ROOT_CLASS = YES_ERROR;
				CLANG_WARN_QUOTED_INCLUDE_IN_FRAMEWORK_HEADER = YES;
				CLANG_WARN_RANGE_LOOP_ANALYSIS = YES;
				CLANG_WARN_STRICT_PROTOTYPES = YES;
				CLANG_WARN_SUSPICIOUS_MOVE = YES;
				CLANG_WARN_UNGUARDED_AVAILABILITY = YES_AGGRESSIVE;
				CLANG_WARN_UNREACHABLE_CODE = YES;
				CLANG_WARN__DUPLICATE_METHOD_MATCH = YES;
				COPY_PHASE_STRIP = NO;
				DEBUG_INFORMATION_FORMAT = "dwarf-with-dsym";
				ENABLE_NS_ASSERTIONS = NO;
				ENABLE_STRICT_OBJC_MSGSEND = YES;
				GCC_C_LANGUAGE_STANDARD = gnu11;
				GCC_NO_COMMON_BLOCKS = YES;
				GCC_WARN_64_TO_32_BIT_CONVERSION = YES;
				GCC_WARN_ABOUT_RETURN_TYPE = YES_ERROR;
				GCC_WARN_UNDECLARED_SELECTOR = YES;
				GCC_WARN_UNINITIALIZED_AUTOS = YES_AGGRESSIVE;
				GCC_WARN_UNUSED_FUNCTION = YES;
				GCC_WARN_UNUSED_VARIABLE = YES;
				IPHONEOS_DEPLOYMENT_TARGET = 15.0;
				MTL_ENABLE_DEBUG_INFO = NO;
				MTL_FAST_MATH = YES;
				SDKROOT = iphoneos;
				SWIFT_COMPILATION_MODE = wholemodule;
				SWIFT_OPTIMIZATION_LEVEL = "-O";
				VALIDATE_PRODUCT = YES;
			};
			name = Release;
		};
		639EDCEE274ADC0500D3A03E /* Debug */ = {
			isa = XCBuildConfiguration;
			buildSettings = {
				ASSETCATALOG_COMPILER_APPICON_NAME = AppIcon;
				ASSETCATALOG_COMPILER_GLOBAL_ACCENT_COLOR_NAME = AccentColor;
				CODE_SIGN_STYLE = Automatic;
				CURRENT_PROJECT_VERSION = 1;
				DEVELOPMENT_ASSET_PATHS = "\"SwiftUITabViewSidebar/Preview Content\"";
				ENABLE_PREVIEWS = YES;
				GENERATE_INFOPLIST_FILE = YES;
				INFOPLIST_KEY_UIApplicationSceneManifest_Generation = YES;
				INFOPLIST_KEY_UIApplicationSupportsIndirectInputEvents = YES;
				INFOPLIST_KEY_UILaunchScreen_Generation = YES;
				INFOPLIST_KEY_UISupportedInterfaceOrientations_iPad = "UIInterfaceOrientationPortrait UIInterfaceOrientationPortraitUpsideDown UIInterfaceOrientationLandscapeLeft UIInterfaceOrientationLandscapeRight";
				INFOPLIST_KEY_UISupportedInterfaceOrientations_iPhone = "UIInterfaceOrientationPortrait UIInterfaceOrientationLandscapeLeft UIInterfaceOrientationLandscapeRight";
				LD_RUNPATH_SEARCH_PATHS = (
					"$(inherited)",
					"@executable_path/Frameworks",
				);
				MARKETING_VERSION = 1.0;
				PRODUCT_BUNDLE_IDENTIFIER = com.fassko.SwiftUITabViewSidebar;
				PRODUCT_NAME = "$(TARGET_NAME)";
				SWIFT_EMIT_LOC_STRINGS = YES;
				SWIFT_VERSION = 5.0;
				TARGETED_DEVICE_FAMILY = "1,2";
			};
			name = Debug;
		};
		639EDCEF274ADC0500D3A03E /* Release */ = {
			isa = XCBuildConfiguration;
			buildSettings = {
				ASSETCATALOG_COMPILER_APPICON_NAME = AppIcon;
				ASSETCATALOG_COMPILER_GLOBAL_ACCENT_COLOR_NAME = AccentColor;
				CODE_SIGN_STYLE = Automatic;
				CURRENT_PROJECT_VERSION = 1;
				DEVELOPMENT_ASSET_PATHS = "\"SwiftUITabViewSidebar/Preview Content\"";
				ENABLE_PREVIEWS = YES;
				GENERATE_INFOPLIST_FILE = YES;
				INFOPLIST_KEY_UIApplicationSceneManifest_Generation = YES;
				INFOPLIST_KEY_UIApplicationSupportsIndirectInputEvents = YES;
				INFOPLIST_KEY_UILaunchScreen_Generation = YES;
				INFOPLIST_KEY_UISupportedInterfaceOrientations_iPad = "UIInterfaceOrientationPortrait UIInterfaceOrientationPortraitUpsideDown UIInterfaceOrientationLandscapeLeft UIInterfaceOrientationLandscapeRight";
				INFOPLIST_KEY_UISupportedInterfaceOrientations_iPhone = "UIInterfaceOrientationPortrait UIInterfaceOrientationLandscapeLeft UIInterfaceOrientationLandscapeRight";
				LD_RUNPATH_SEARCH_PATHS = (
					"$(inherited)",
					"@executable_path/Frameworks",
				);
				MARKETING_VERSION = 1.0;
				PRODUCT_BUNDLE_IDENTIFIER = com.fassko.SwiftUITabViewSidebar;
				PRODUCT_NAME = "$(TARGET_NAME)";
				SWIFT_EMIT_LOC_STRINGS = YES;
				SWIFT_VERSION = 5.0;
				TARGETED_DEVICE_FAMILY = "1,2";
			};
			name = Release;
		};
/* End XCBuildConfiguration section */

/* Begin XCConfigurationList section */
		639EDCDA274ADC0300D3A03E /* Build configuration list for PBXProject "SwiftUITabViewSidebar" */ = {
			isa = XCConfigurationList;
			buildConfigurations = (
				639EDCEB274ADC0500D3A03E /* Debug */,
				639EDCEC274ADC0500D3A03E /* Release */,
			);
			defaultConfigurationIsVisible = 0;
			defaultConfigurationName = Release;
		};
		639EDCED274ADC0500D3A03E /* Build configuration list for PBXNativeTarget "SwiftUITabViewSidebar" */ = {
			isa = XCConfigurationList;
			buildConfigurations = (
				639EDCEE274ADC0500D3A03E /* Debug */,
				639EDCEF274ADC0500D3A03E /* Release */,
			);
			defaultConfigurationIsVisible = 0;
			defaultConfigurationName = Release;
		};
/* End XCConfigurationList section */
	};
	rootObject = 639EDCD7274ADC0300D3A03E /* Project object */;
}
